PODS:
  - SDWebImage (3.5):
    - SDWebImage/Core
  - SDWebImage/Core (3.5)
  - SVPullToRefresh (0.4.1)

DEPENDENCIES:
  - SDWebImage
  - SVPullToRefresh

SPEC CHECKSUMS:
  SDWebImage: f1a72472f8a2d54445f1fedafe2090593d9caf7f
  SVPullToRefresh: 61a0e4bd12bd6f8e3465909810b0fbeb1a28d5f2

COCOAPODS: 0.25.0
