// !$*UTF8*$!
{
	archiveVersion = 1;
	classes = {
	};
	objectVersion = 46;
	objects = {

/* Begin PBXBuildFile section */
		E0656E44180C57360098A45B /* Foundation.framework in Frameworks */ = {isa = PBXBuildFile; fileRef = E0656E43180C57360098A45B /* Foundation.framework */; };
		E0656E46180C57360098A45B /* CoreGraphics.framework in Frameworks */ = {isa = PBXBuildFile; fileRef = E0656E45180C57360098A45B /* CoreGraphics.framework */; };
		E0656E48180C57360098A45B /* UIKit.framework in Frameworks */ = {isa = PBXBuildFile; fileRef = E0656E47180C57360098A45B /* UIKit.framework */; };
		E0656E4E180C57360098A45B /* InfoPlist.strings in Resources */ = {isa = PBXBuildFile; fileRef = E0656E4C180C57360098A45B /* InfoPlist.strings */; };
		E0656E50180C57360098A45B /* main.m in Sources */ = {isa = PBXBuildFile; fileRef = E0656E4F180C57360098A45B /* main.m */; };
		E0656E54180C57360098A45B /* TVAppDelegate.m in Sources */ = {isa = PBXBuildFile; fileRef = E0656E53180C57360098A45B /* TVAppDelegate.m */; };
		E0656E57180C57360098A45B /* Main_iPhone.storyboard in Resources */ = {isa = PBXBuildFile; fileRef = E0656E55180C57360098A45B /* Main_iPhone.storyboard */; };
		E0656E5A180C57360098A45B /* Main_iPad.storyboard in Resources */ = {isa = PBXBuildFile; fileRef = E0656E58180C57360098A45B /* Main_iPad.storyboard */; };
		E0656E5D180C57360098A45B /* TVViewController.m in Sources */ = {isa = PBXBuildFile; fileRef = E0656E5C180C57360098A45B /* TVViewController.m */; };
		E0656E5F180C57360098A45B /* Images.xcassets in Resources */ = {isa = PBXBuildFile; fileRef = E0656E5E180C57360098A45B /* Images.xcassets */; };
		E0656E66180C57360098A45B /* XCTest.framework in Frameworks */ = {isa = PBXBuildFile; fileRef = E0656E65180C57360098A45B /* XCTest.framework */; };
		E0656E67180C57360098A45B /* Foundation.framework in Frameworks */ = {isa = PBXBuildFile; fileRef = E0656E43180C57360098A45B /* Foundation.framework */; };
		E0656E68180C57360098A45B /* UIKit.framework in Frameworks */ = {isa = PBXBuildFile; fileRef = E0656E47180C57360098A45B /* UIKit.framework */; };
		E0656E70180C57360098A45B /* InfoPlist.strings in Resources */ = {isa = PBXBuildFile; fileRef = E0656E6E180C57360098A45B /* InfoPlist.strings */; };
		E0656E72180C57360098A45B /* TwitterVoidTests.m in Sources */ = {isa = PBXBuildFile; fileRef = E0656E71180C57360098A45B /* TwitterVoidTests.m */; };
/* End PBXBuildFile section */

/* Begin PBXContainerItemProxy section */
		E0656E69180C57360098A45B /* PBXContainerItemProxy */ = {
			isa = PBXContainerItemProxy;
			containerPortal = E0656E38180C57360098A45B /* Project object */;
			proxyType = 1;
			remoteGlobalIDString = E0656E3F180C57360098A45B;
			remoteInfo = TwitterVoid;
		};
/* End PBXContainerItemProxy section */

/* Begin PBXFileReference section */
		E0656E40180C57360098A45B /* TwitterVoid.app */ = {isa = PBXFileReference; explicitFileType = wrapper.application; includeInIndex = 0; path = TwitterVoid.app; sourceTree = BUILT_PRODUCTS_DIR; };
		E0656E43180C57360098A45B /* Foundation.framework */ = {isa = PBXFileReference; lastKnownFileType = wrapper.framework; name = Foundation.framework; path = System/Library/Frameworks/Foundation.framework; sourceTree = SDKROOT; };
		E0656E45180C57360098A45B /* CoreGraphics.framework */ = {isa = PBXFileReference; lastKnownFileType = wrapper.framework; name = CoreGraphics.framework; path = System/Library/Frameworks/CoreGraphics.framework; sourceTree = SDKROOT; };
		E0656E47180C57360098A45B /* UIKit.framework */ = {isa = PBXFileReference; lastKnownFileType = wrapper.framework; name = UIKit.framework; path = System/Library/Frameworks/UIKit.framework; sourceTree = SDKROOT; };
		E0656E4B180C57360098A45B /* TwitterVoid-Info.plist */ = {isa = PBXFileReference; lastKnownFileType = text.plist.xml; path = "TwitterVoid-Info.plist"; sourceTree = "<group>"; };
		E0656E4D180C57360098A45B /* en */ = {isa = PBXFileReference; lastKnownFileType = text.plist.strings; name = en; path = en.lproj/InfoPlist.strings; sourceTree = "<group>"; };
		E0656E4F180C57360098A45B /* main.m */ = {isa = PBXFileReference; lastKnownFileType = sourcecode.c.objc; path = main.m; sourceTree = "<group>"; };
		E0656E51180C57360098A45B /* TwitterVoid-Prefix.pch */ = {isa = PBXFileReference; lastKnownFileType = sourcecode.c.h; path = "TwitterVoid-Prefix.pch"; sourceTree = "<group>"; };
		E0656E52180C57360098A45B /* TVAppDelegate.h */ = {isa = PBXFileReference; lastKnownFileType = sourcecode.c.h; path = TVAppDelegate.h; sourceTree = "<group>"; };
		E0656E53180C57360098A45B /* TVAppDelegate.m */ = {isa = PBXFileReference; lastKnownFileType = sourcecode.c.objc; path = TVAppDelegate.m; sourceTree = "<group>"; };
		E0656E56180C57360098A45B /* Base */ = {isa = PBXFileReference; lastKnownFileType = file.storyboard; name = Base; path = Base.lproj/Main_iPhone.storyboard; sourceTree = "<group>"; };
		E0656E59180C57360098A45B /* Base */ = {isa = PBXFileReference; lastKnownFileType = file.storyboard; name = Base; path = Base.lproj/Main_iPad.storyboard; sourceTree = "<group>"; };
		E0656E5B180C57360098A45B /* TVViewController.h */ = {isa = PBXFileReference; lastKnownFileType = sourcecode.c.h; path = TVViewController.h; sourceTree = "<group>"; };
		E0656E5C180C57360098A45B /* TVViewController.m */ = {isa = PBXFileReference; lastKnownFileType = sourcecode.c.objc; path = TVViewController.m; sourceTree = "<group>"; };
		E0656E5E180C57360098A45B /* Images.xcassets */ = {isa = PBXFileReference; lastKnownFileType = folder.assetcatalog; path = Images.xcassets; sourceTree = "<group>"; };
		E0656E64180C57360098A45B /* TwitterVoidTests.xctest */ = {isa = PBXFileReference; explicitFileType = wrapper.cfbundle; includeInIndex = 0; path = TwitterVoidTests.xctest; sourceTree = BUILT_PRODUCTS_DIR; };
		E0656E65180C57360098A45B /* XCTest.framework */ = {isa = PBXFileReference; lastKnownFileType = wrapper.framework; name = XCTest.framework; path = Library/Frameworks/XCTest.framework; sourceTree = DEVELOPER_DIR; };
		E0656E6D180C57360098A45B /* TwitterVoidTests-Info.plist */ = {isa = PBXFileReference; lastKnownFileType = text.plist.xml; path = "TwitterVoidTests-Info.plist"; sourceTree = "<group>"; };
		E0656E6F180C57360098A45B /* en */ = {isa = PBXFileReference; lastKnownFileType = text.plist.strings; name = en; path = en.lproj/InfoPlist.strings; sourceTree = "<group>"; };
		E0656E71180C57360098A45B /* TwitterVoidTests.m */ = {isa = PBXFileReference; lastKnownFileType = sourcecode.c.objc; path = TwitterVoidTests.m; sourceTree = "<group>"; };
/* End PBXFileReference section */

/* Begin PBXFrameworksBuildPhase section */
		E0656E3D180C57360098A45B /* Frameworks */ = {
			isa = PBXFrameworksBuildPhase;
			buildActionMask = 2147483647;
			files = (
				E0656E46180C57360098A45B /* CoreGraphics.framework in Frameworks */,
				E0656E48180C57360098A45B /* UIKit.framework in Frameworks */,
				E0656E44180C57360098A45B /* Foundation.framework in Frameworks */,
			);
			runOnlyForDeploymentPostprocessing = 0;
		};
		E0656E61180C57360098A45B /* Frameworks */ = {
			isa = PBXFrameworksBuildPhase;
			buildActionMask = 2147483647;
			files = (
				E0656E66180C57360098A45B /* XCTest.framework in Frameworks */,
				E0656E68180C57360098A45B /* UIKit.framework in Frameworks */,
				E0656E67180C57360098A45B /* Foundation.framework in Frameworks */,
			);
			runOnlyForDeploymentPostprocessing = 0;
		};
/* End PBXFrameworksBuildPhase section */

/* Begin PBXGroup section */
		E0656E37180C57360098A45B = {
			isa = PBXGroup;
			children = (
				E0656E49180C57360098A45B /* TwitterVoid */,
				E0656E6B180C57360098A45B /* TwitterVoidTests */,
				E0656E42180C57360098A45B /* Frameworks */,
				E0656E41180C57360098A45B /* Products */,
			);
			sourceTree = "<group>";
		};
		E0656E41180C57360098A45B /* Products */ = {
			isa = PBXGroup;
			children = (
				E0656E40180C57360098A45B /* TwitterVoid.app */,
				E0656E64180C57360098A45B /* TwitterVoidTests.xctest */,
			);
			name = Products;
			sourceTree = "<group>";
		};
		E0656E42180C57360098A45B /* Frameworks */ = {
			isa = PBXGroup;
			children = (
				E0656E43180C57360098A45B /* Foundation.framework */,
				E0656E45180C57360098A45B /* CoreGraphics.framework */,
				E0656E47180C57360098A45B /* UIKit.framework */,
				E0656E65180C57360098A45B /* XCTest.framework */,
			);
			name = Frameworks;
			sourceTree = "<group>";
		};
		E0656E49180C57360098A45B /* TwitterVoid */ = {
			isa = PBXGroup;
			children = (
				E0656E52180C57360098A45B /* TVAppDelegate.h */,
				E0656E53180C57360098A45B /* TVAppDelegate.m */,
				E0656E55180C57360098A45B /* Main_iPhone.storyboard */,
				E0656E58180C57360098A45B /* Main_iPad.storyboard */,
				E0656E5B180C57360098A45B /* TVViewController.h */,
				E0656E5C180C57360098A45B /* TVViewController.m */,
				E0656E5E180C57360098A45B /* Images.xcassets */,
				E0656E4A180C57360098A45B /* Supporting Files */,
			);
			path = TwitterVoid;
			sourceTree = "<group>";
		};
		E0656E4A180C57360098A45B /* Supporting Files */ = {
			isa = PBXGroup;
			children = (
				E0656E4B180C57360098A45B /* TwitterVoid-Info.plist */,
				E0656E4C180C57360098A45B /* InfoPlist.strings */,
				E0656E4F180C57360098A45B /* main.m */,
				E0656E51180C57360098A45B /* TwitterVoid-Prefix.pch */,
			);
			name = "Supporting Files";
			sourceTree = "<group>";
		};
		E0656E6B180C57360098A45B /* TwitterVoidTests */ = {
			isa = PBXGroup;
			children = (
				E0656E71180C57360098A45B /* TwitterVoidTests.m */,
				E0656E6C180C57360098A45B /* Supporting Files */,
			);
			path = TwitterVoidTests;
			sourceTree = "<group>";
		};
		E0656E6C180C57360098A45B /* Supporting Files */ = {
			isa = PBXGroup;
			children = (
				E0656E6D180C57360098A45B /* TwitterVoidTests-Info.plist */,
				E0656E6E180C57360098A45B /* InfoPlist.strings */,
			);
			name = "Supporting Files";
			sourceTree = "<group>";
		};
/* End PBXGroup section */

/* Begin PBXNativeTarget section */
		E0656E3F180C57360098A45B /* TwitterVoid */ = {
			isa = PBXNativeTarget;
			buildConfigurationList = E0656E75180C57360098A45B /* Build configuration list for PBXNativeTarget "TwitterVoid" */;
			buildPhases = (
				E0656E3C180C57360098A45B /* Sources */,
				E0656E3D180C57360098A45B /* Frameworks */,
				E0656E3E180C57360098A45B /* Resources */,
			);
			buildRules = (
			);
			dependencies = (
			);
			name = TwitterVoid;
			productName = TwitterVoid;
			productReference = E0656E40180C57360098A45B /* TwitterVoid.app */;
			productType = "com.apple.product-type.application";
		};
		E0656E63180C57360098A45B /* TwitterVoidTests */ = {
			isa = PBXNativeTarget;
			buildConfigurationList = E0656E78180C57360098A45B /* Build configuration list for PBXNativeTarget "TwitterVoidTests" */;
			buildPhases = (
				E0656E60180C57360098A45B /* Sources */,
				E0656E61180C57360098A45B /* Frameworks */,
				E0656E62180C57360098A45B /* Resources */,
			);
			buildRules = (
			);
			dependencies = (
				E0656E6A180C57360098A45B /* PBXTargetDependency */,
			);
			name = TwitterVoidTests;
			productName = TwitterVoidTests;
			productReference = E0656E64180C57360098A45B /* TwitterVoidTests.xctest */;
			productType = "com.apple.product-type.bundle.unit-test";
		};
/* End PBXNativeTarget section */

/* Begin PBXProject section */
		E0656E38180C57360098A45B /* Project object */ = {
			isa = PBXProject;
			attributes = {
				CLASSPREFIX = TV;
				LastUpgradeCheck = 0500;
				ORGANIZATIONNAME = void;
				TargetAttributes = {
					E0656E63180C57360098A45B = {
						TestTargetID = E0656E3F180C57360098A45B;
					};
				};
			};
			buildConfigurationList = E0656E3B180C57360098A45B /* Build configuration list for PBXProject "TwitterVoid" */;
			compatibilityVersion = "Xcode 3.2";
			developmentRegion = English;
			hasScannedForEncodings = 0;
			knownRegions = (
				en,
				Base,
			);
			mainGroup = E0656E37180C57360098A45B;
			productRefGroup = E0656E41180C57360098A45B /* Products */;
			projectDirPath = "";
			projectRoot = "";
			targets = (
				E0656E3F180C57360098A45B /* TwitterVoid */,
				E0656E63180C57360098A45B /* TwitterVoidTests */,
			);
		};
/* End PBXProject section */

/* Begin PBXResourcesBuildPhase section */
		E0656E3E180C57360098A45B /* Resources */ = {
			isa = PBXResourcesBuildPhase;
			buildActionMask = 2147483647;
			files = (
				E0656E5A180C57360098A45B /* Main_iPad.storyboard in Resources */,
				E0656E5F180C57360098A45B /* Images.xcassets in Resources */,
				E0656E57180C57360098A45B /* Main_iPhone.storyboard in Resources */,
				E0656E4E180C57360098A45B /* InfoPlist.strings in Resources */,
			);
			runOnlyForDeploymentPostprocessing = 0;
		};
		E0656E62180C57360098A45B /* Resources */ = {
			isa = PBXResourcesBuildPhase;
			buildActionMask = 2147483647;
			files = (
				E0656E70180C57360098A45B /* InfoPlist.strings in Resources */,
			);
			runOnlyForDeploymentPostprocessing = 0;
		};
/* End PBXResourcesBuildPhase section */

/* Begin PBXSourcesBuildPhase section */
		E0656E3C180C57360098A45B /* Sources */ = {
			isa = PBXSourcesBuildPhase;
			buildActionMask = 2147483647;
			files = (
				E0656E54180C57360098A45B /* TVAppDelegate.m in Sources */,
				E0656E50180C57360098A45B /* main.m in Sources */,
				E0656E5D180C57360098A45B /* TVViewController.m in Sources */,
			);
			runOnlyForDeploymentPostprocessing = 0;
		};
		E0656E60180C57360098A45B /* Sources */ = {
			isa = PBXSourcesBuildPhase;
			buildActionMask = 2147483647;
			files = (
				E0656E72180C57360098A45B /* TwitterVoidTests.m in Sources */,
			);
			runOnlyForDeploymentPostprocessing = 0;
		};
/* End PBXSourcesBuildPhase section */

/* Begin PBXTargetDependency section */
		E0656E6A180C57360098A45B /* PBXTargetDependency */ = {
			isa = PBXTargetDependency;
			target = E0656E3F180C57360098A45B /* TwitterVoid */;
			targetProxy = E0656E69180C57360098A45B /* PBXContainerItemProxy */;
		};
/* End PBXTargetDependency section */

/* Begin PBXVariantGroup section */
		E0656E4C180C57360098A45B /* InfoPlist.strings */ = {
			isa = PBXVariantGroup;
			children = (
				E0656E4D180C57360098A45B /* en */,
			);
			name = InfoPlist.strings;
			sourceTree = "<group>";
		};
		E0656E55180C57360098A45B /* Main_iPhone.storyboard */ = {
			isa = PBXVariantGroup;
			children = (
				E0656E56180C57360098A45B /* Base */,
			);
			name = Main_iPhone.storyboard;
			sourceTree = "<group>";
		};
		E0656E58180C57360098A45B /* Main_iPad.storyboard */ = {
			isa = PBXVariantGroup;
			children = (
				E0656E59180C57360098A45B /* Base */,
			);
			name = Main_iPad.storyboard;
			sourceTree = "<group>";
		};
		E0656E6E180C57360098A45B /* InfoPlist.strings */ = {
			isa = PBXVariantGroup;
			children = (
				E0656E6F180C57360098A45B /* en */,
			);
			name = InfoPlist.strings;
			sourceTree = "<group>";
		};
/* End PBXVariantGroup section */

/* Begin XCBuildConfiguration section */
		E0656E73180C57360098A45B /* Debug */ = {
			isa = XCBuildConfiguration;
			buildSettings = {
				ALWAYS_SEARCH_USER_PATHS = NO;
				ARCHS = "$(ARCHS_STANDARD_INCLUDING_64_BIT)";
				CLANG_CXX_LANGUAGE_STANDARD = "gnu++0x";
				CLANG_CXX_LIBRARY = "libc++";
				CLANG_ENABLE_MODULES = YES;
				CLANG_ENABLE_OBJC_ARC = YES;
				CLANG_WARN_BOOL_CONVERSION = YES;
				CLANG_WARN_CONSTANT_CONVERSION = YES;
				CLANG_WARN_DIRECT_OBJC_ISA_USAGE = YES_ERROR;
				CLANG_WARN_EMPTY_BODY = YES;
				CLANG_WARN_ENUM_CONVERSION = YES;
				CLANG_WARN_INT_CONVERSION = YES;
				CLANG_WARN_OBJC_ROOT_CLASS = YES_ERROR;
				CLANG_WARN__DUPLICATE_METHOD_MATCH = YES;
				"CODE_SIGN_IDENTITY[sdk=iphoneos*]" = "iPhone Developer";
				COPY_PHASE_STRIP = NO;
				GCC_C_LANGUAGE_STANDARD = gnu99;
				GCC_DYNAMIC_NO_PIC = NO;
				GCC_OPTIMIZATION_LEVEL = 0;
				GCC_PREPROCESSOR_DEFINITIONS = (
					"DEBUG=1",
					"$(inherited)",
				);
				GCC_SYMBOLS_PRIVATE_EXTERN = NO;
				GCC_WARN_64_TO_32_BIT_CONVERSION = YES;
				GCC_WARN_ABOUT_RETURN_TYPE = YES_ERROR;
				GCC_WARN_UNDECLARED_SELECTOR = YES;
				GCC_WARN_UNINITIALIZED_AUTOS = YES;
				GCC_WARN_UNUSED_FUNCTION = YES;
				GCC_WARN_UNUSED_VARIABLE = YES;
				IPHONEOS_DEPLOYMENT_TARGET = 7.0;
				ONLY_ACTIVE_ARCH = YES;
				SDKROOT = iphoneos;
				TARGETED_DEVICE_FAMILY = "1,2";
			};
			name = Debug;
		};
		E0656E74180C57360098A45B /* Release */ = {
			isa = XCBuildConfiguration;
			buildSettings = {
				ALWAYS_SEARCH_USER_PATHS = NO;
				ARCHS = "$(ARCHS_STANDARD_INCLUDING_64_BIT)";
				CLANG_CXX_LANGUAGE_STANDARD = "gnu++0x";
				CLANG_CXX_LIBRARY = "libc++";
				CLANG_ENABLE_MODULES = YES;
				CLANG_ENABLE_OBJC_ARC = YES;
				CLANG_WARN_BOOL_CONVERSION = YES;
				CLANG_WARN_CONSTANT_CONVERSION = YES;
				CLANG_WARN_DIRECT_OBJC_ISA_USAGE = YES_ERROR;
				CLANG_WARN_EMPTY_BODY = YES;
				CLANG_WARN_ENUM_CONVERSION = YES;
				CLANG_WARN_INT_CONVERSION = YES;
				CLANG_WARN_OBJC_ROOT_CLASS = YES_ERROR;
				CLANG_WARN__DUPLICATE_METHOD_MATCH = YES;
				"CODE_SIGN_IDENTITY[sdk=iphoneos*]" = "iPhone Developer";
				COPY_PHASE_STRIP = YES;
				ENABLE_NS_ASSERTIONS = NO;
				GCC_C_LANGUAGE_STANDARD = gnu99;
				GCC_WARN_64_TO_32_BIT_CONVERSION = YES;
				GCC_WARN_ABOUT_RETURN_TYPE = YES_ERROR;
				GCC_WARN_UNDECLARED_SELECTOR = YES;
				GCC_WARN_UNINITIALIZED_AUTOS = YES;
				GCC_WARN_UNUSED_FUNCTION = YES;
				GCC_WARN_UNUSED_VARIABLE = YES;
				IPHONEOS_DEPLOYMENT_TARGET = 7.0;
				SDKROOT = iphoneos;
				TARGETED_DEVICE_FAMILY = "1,2";
				VALIDATE_PRODUCT = YES;
			};
			name = Release;
		};
		E0656E76180C57360098A45B /* Debug */ = {
			isa = XCBuildConfiguration;
			buildSettings = {
				ASSETCATALOG_COMPILER_APPICON_NAME = AppIcon;
				ASSETCATALOG_COMPILER_LAUNCHIMAGE_NAME = LaunchImage;
				GCC_PRECOMPILE_PREFIX_HEADER = YES;
				GCC_PREFIX_HEADER = "TwitterVoid/TwitterVoid-Prefix.pch";
				INFOPLIST_FILE = "TwitterVoid/TwitterVoid-Info.plist";
				PRODUCT_NAME = "$(TARGET_NAME)";
				WRAPPER_EXTENSION = app;
			};
			name = Debug;
		};
		E0656E77180C57360098A45B /* Release */ = {
			isa = XCBuildConfiguration;
			buildSettings = {
				ASSETCATALOG_COMPILER_APPICON_NAME = AppIcon;
				ASSETCATALOG_COMPILER_LAUNCHIMAGE_NAME = LaunchImage;
				GCC_PRECOMPILE_PREFIX_HEADER = YES;
				GCC_PREFIX_HEADER = "TwitterVoid/TwitterVoid-Prefix.pch";
				INFOPLIST_FILE = "TwitterVoid/TwitterVoid-Info.plist";
				PRODUCT_NAME = "$(TARGET_NAME)";
				WRAPPER_EXTENSION = app;
			};
			name = Release;
		};
		E0656E79180C57360098A45B /* Debug */ = {
			isa = XCBuildConfiguration;
			buildSettings = {
				ARCHS = "$(ARCHS_STANDARD_INCLUDING_64_BIT)";
				BUNDLE_LOADER = "$(BUILT_PRODUCTS_DIR)/TwitterVoid.app/TwitterVoid";
				FRAMEWORK_SEARCH_PATHS = (
					"$(SDKROOT)/Developer/Library/Frameworks",
					"$(inherited)",
					"$(DEVELOPER_FRAMEWORKS_DIR)",
				);
				GCC_PRECOMPILE_PREFIX_HEADER = YES;
				GCC_PREFIX_HEADER = "TwitterVoid/TwitterVoid-Prefix.pch";
				GCC_PREPROCESSOR_DEFINITIONS = (
					"DEBUG=1",
					"$(inherited)",
				);
				INFOPLIST_FILE = "TwitterVoidTests/TwitterVoidTests-Info.plist";
				PRODUCT_NAME = "$(TARGET_NAME)";
				TEST_HOST = "$(BUNDLE_LOADER)";
				WRAPPER_EXTENSION = xctest;
			};
			name = Debug;
		};
		E0656E7A180C57360098A45B /* Release */ = {
			isa = XCBuildConfiguration;
			buildSettings = {
				ARCHS = "$(ARCHS_STANDARD_INCLUDING_64_BIT)";
				BUNDLE_LOADER = "$(BUILT_PRODUCTS_DIR)/TwitterVoid.app/TwitterVoid";
				FRAMEWORK_SEARCH_PATHS = (
					"$(SDKROOT)/Developer/Library/Frameworks",
					"$(inherited)",
					"$(DEVELOPER_FRAMEWORKS_DIR)",
				);
				GCC_PRECOMPILE_PREFIX_HEADER = YES;
				GCC_PREFIX_HEADER = "TwitterVoid/TwitterVoid-Prefix.pch";
				INFOPLIST_FILE = "TwitterVoidTests/TwitterVoidTests-Info.plist";
				PRODUCT_NAME = "$(TARGET_NAME)";
				TEST_HOST = "$(BUNDLE_LOADER)";
				WRAPPER_EXTENSION = xctest;
			};
			name = Release;
		};
/* End XCBuildConfiguration section */

/* Begin XCConfigurationList section */
		E0656E3B180C57360098A45B /* Build configuration list for PBXProject "TwitterVoid" */ = {
			isa = XCConfigurationList;
			buildConfigurations = (
				E0656E73180C57360098A45B /* Debug */,
				E0656E74180C57360098A45B /* Release */,
			);
			defaultConfigurationIsVisible = 0;
			defaultConfigurationName = Release;
		};
		E0656E75180C57360098A45B /* Build configuration list for PBXNativeTarget "TwitterVoid" */ = {
			isa = XCConfigurationList;
			buildConfigurations = (
				E0656E76180C57360098A45B /* Debug */,
				E0656E77180C57360098A45B /* Release */,
			);
			defaultConfigurationIsVisible = 0;
		};
		E0656E78180C57360098A45B /* Build configuration list for PBXNativeTarget "TwitterVoidTests" */ = {
			isa = XCConfigurationList;
			buildConfigurations = (
				E0656E79180C57360098A45B /* Debug */,
				E0656E7A180C57360098A45B /* Release */,
			);
			defaultConfigurationIsVisible = 0;
		};
/* End XCConfigurationList section */
	};
	rootObject = E0656E38180C57360098A45B /* Project object */;
}
